// !$*UTF8*$!
{
	archiveVersion = 1;
	classes = {
	};
	objectVersion = 51;
	objects = {

/* Begin PBXBuildFile section */
		3A0B74DD239B373D00E7DFD8 /* outGoingMessage.swift in Sources */ = {isa = PBXBuildFile; fileRef = 3A0B74DC239B373D00E7DFD8 /* outGoingMessage.swift */; };
		3A12839C2392285100A29D9E /* RecentChatsTableViewCell.swift in Sources */ = {isa = PBXBuildFile; fileRef = 3A12839B2392285100A29D9E /* RecentChatsTableViewCell.swift */; };
		3A12839E23922B7100A29D9E /* ChatsViewController.swift in Sources */ = {isa = PBXBuildFile; fileRef = 3A12839D23922B7100A29D9E /* ChatsViewController.swift */; };
		3A203B1323922D6F00347087 /* UsersTableViewController.swift in Sources */ = {isa = PBXBuildFile; fileRef = 3A203B1223922D6F00347087 /* UsersTableViewController.swift */; };
		3A203B1523922FAC00347087 /* UsersTableViewCell.swift in Sources */ = {isa = PBXBuildFile; fileRef = 3A203B1423922FAC00347087 /* UsersTableViewCell.swift */; };
		3A3DB10023939C940060EBD0 /* Recent.swift in Sources */ = {isa = PBXBuildFile; fileRef = 3A3DB0FF23939C940060EBD0 /* Recent.swift */; };
		3A599BE6239B6722000E3A6D /* inComingMessage.swift in Sources */ = {isa = PBXBuildFile; fileRef = 3A599BE5239B6722000E3A6D /* inComingMessage.swift */; };
		3A5A3FCC239E0ABB006A55E5 /* downloader.swift in Sources */ = {isa = PBXBuildFile; fileRef = 3A5A3FCB239E0ABB006A55E5 /* downloader.swift */; };
		3A7A2F9F239A75D900EB3BF3 /* MessageViewController.swift in Sources */ = {isa = PBXBuildFile; fileRef = 3A7A2F9E239A75D900EB3BF3 /* MessageViewController.swift */; };
		3A7A2FA1239A76C700EB3BF3 /* Message.swift in Sources */ = {isa = PBXBuildFile; fileRef = 3A7A2FA0239A76C700EB3BF3 /* Message.swift */; };
		3AA1B996238F904400A60FA6 /* FinishRegistrationViewController.swift in Sources */ = {isa = PBXBuildFile; fileRef = 3AA1B995238F904400A60FA6 /* FinishRegistrationViewController.swift */; };
		3ABBC606239DFF6B004040E6 /* Camera.swift in Sources */ = {isa = PBXBuildFile; fileRef = 3ABBC605239DFF6B004040E6 /* Camera.swift */; };
		3ABFF95D238F85160008371A /* AppDelegate.swift in Sources */ = {isa = PBXBuildFile; fileRef = 3ABFF95C238F85160008371A /* AppDelegate.swift */; };
		3ABFF95F238F85160008371A /* SceneDelegate.swift in Sources */ = {isa = PBXBuildFile; fileRef = 3ABFF95E238F85160008371A /* SceneDelegate.swift */; };
		3ABFF961238F85160008371A /* ViewController.swift in Sources */ = {isa = PBXBuildFile; fileRef = 3ABFF960238F85160008371A /* ViewController.swift */; };
		3ABFF964238F85160008371A /* Main.storyboard in Resources */ = {isa = PBXBuildFile; fileRef = 3ABFF962238F85160008371A /* Main.storyboard */; };
		3ABFF966238F85180008371A /* Assets.xcassets in Resources */ = {isa = PBXBuildFile; fileRef = 3ABFF965238F85180008371A /* Assets.xcassets */; };
		3ABFF969238F85180008371A /* LaunchScreen.storyboard in Resources */ = {isa = PBXBuildFile; fileRef = 3ABFF967238F85180008371A /* LaunchScreen.storyboard */; };
		3ABFF972238F88060008371A /* WelcomeVIewController.swift in Sources */ = {isa = PBXBuildFile; fileRef = 3ABFF971238F88060008371A /* WelcomeVIewController.swift */; };
		3ACCA6072391FE8B0002E258 /* SettingTableViewController.swift in Sources */ = {isa = PBXBuildFile; fileRef = 3ACCA6062391FE8B0002E258 /* SettingTableViewController.swift */; };
		3AD335AC2393768B008B20B4 /* ProfileTableViewController.swift in Sources */ = {isa = PBXBuildFile; fileRef = 3AD335AB2393768B008B20B4 /* ProfileTableViewController.swift */; };
		3AFAED11238FB66E004DA00B /* GoogleService-Info.plist in Resources */ = {isa = PBXBuildFile; fileRef = 3AFAED10238FB66E004DA00B /* GoogleService-Info.plist */; };
		3AFAED14238FB7EE004DA00B /* FUser.swift in Sources */ = {isa = PBXBuildFile; fileRef = 3AFAED13238FB7EE004DA00B /* FUser.swift */; };
		3AFAED17238FB832004DA00B /* constracts.swift in Sources */ = {isa = PBXBuildFile; fileRef = 3AFAED16238FB832004DA00B /* constracts.swift */; };
		3AFAED19238FB88F004DA00B /* heplerFunctions.swift in Sources */ = {isa = PBXBuildFile; fileRef = 3AFAED18238FB88F004DA00B /* heplerFunctions.swift */; };
		3AFAED1B238FB8D2004DA00B /* References.swift in Sources */ = {isa = PBXBuildFile; fileRef = 3AFAED1A238FB8D2004DA00B /* References.swift */; };
		B0D22E04C9988CC79823F0C0 /* Pods_Machong_App1.framework in Frameworks */ = {isa = PBXBuildFile; fileRef = 99D0F200D3CC27BD236582D5 /* Pods_Machong_App1.framework */; };
/* End PBXBuildFile section */

/* Begin PBXFileReference section */
		3A0B74DC239B373D00E7DFD8 /* outGoingMessage.swift */ = {isa = PBXFileReference; lastKnownFileType = sourcecode.swift; path = outGoingMessage.swift; sourceTree = "<group>"; };
		3A12839B2392285100A29D9E /* RecentChatsTableViewCell.swift */ = {isa = PBXFileReference; lastKnownFileType = sourcecode.swift; path = RecentChatsTableViewCell.swift; sourceTree = "<group>"; };
		3A12839D23922B7100A29D9E /* ChatsViewController.swift */ = {isa = PBXFileReference; lastKnownFileType = sourcecode.swift; path = ChatsViewController.swift; sourceTree = "<group>"; };
		3A203B1223922D6F00347087 /* UsersTableViewController.swift */ = {isa = PBXFileReference; lastKnownFileType = sourcecode.swift; path = UsersTableViewController.swift; sourceTree = "<group>"; };
		3A203B1423922FAC00347087 /* UsersTableViewCell.swift */ = {isa = PBXFileReference; lastKnownFileType = sourcecode.swift; path = UsersTableViewCell.swift; sourceTree = "<group>"; };
		3A3DB0FF23939C940060EBD0 /* Recent.swift */ = {isa = PBXFileReference; lastKnownFileType = sourcecode.swift; path = Recent.swift; sourceTree = "<group>"; };
		3A599BE5239B6722000E3A6D /* inComingMessage.swift */ = {isa = PBXFileReference; lastKnownFileType = sourcecode.swift; path = inComingMessage.swift; sourceTree = "<group>"; };
		3A5A3FCB239E0ABB006A55E5 /* downloader.swift */ = {isa = PBXFileReference; lastKnownFileType = sourcecode.swift; path = downloader.swift; sourceTree = "<group>"; };
		3A7A2F9E239A75D900EB3BF3 /* MessageViewController.swift */ = {isa = PBXFileReference; lastKnownFileType = sourcecode.swift; path = MessageViewController.swift; sourceTree = "<group>"; };
		3A7A2FA0239A76C700EB3BF3 /* Message.swift */ = {isa = PBXFileReference; lastKnownFileType = sourcecode.swift; path = Message.swift; sourceTree = "<group>"; };
		3AA1B995238F904400A60FA6 /* FinishRegistrationViewController.swift */ = {isa = PBXFileReference; lastKnownFileType = sourcecode.swift; path = FinishRegistrationViewController.swift; sourceTree = "<group>"; };
		3ABBC605239DFF6B004040E6 /* Camera.swift */ = {isa = PBXFileReference; lastKnownFileType = sourcecode.swift; path = Camera.swift; sourceTree = "<group>"; };
		3ABFF959238F85160008371A /* Machong-App1.app */ = {isa = PBXFileReference; explicitFileType = wrapper.application; includeInIndex = 0; path = "Machong-App1.app"; sourceTree = BUILT_PRODUCTS_DIR; };
		3ABFF95C238F85160008371A /* AppDelegate.swift */ = {isa = PBXFileReference; lastKnownFileType = sourcecode.swift; path = AppDelegate.swift; sourceTree = "<group>"; };
		3ABFF95E238F85160008371A /* SceneDelegate.swift */ = {isa = PBXFileReference; lastKnownFileType = sourcecode.swift; path = SceneDelegate.swift; sourceTree = "<group>"; };
		3ABFF960238F85160008371A /* ViewController.swift */ = {isa = PBXFileReference; lastKnownFileType = sourcecode.swift; path = ViewController.swift; sourceTree = "<group>"; };
		3ABFF963238F85160008371A /* Base */ = {isa = PBXFileReference; lastKnownFileType = file.storyboard; name = Base; path = Base.lproj/Main.storyboard; sourceTree = "<group>"; };
		3ABFF965238F85180008371A /* Assets.xcassets */ = {isa = PBXFileReference; lastKnownFileType = folder.assetcatalog; path = Assets.xcassets; sourceTree = "<group>"; };
		3ABFF968238F85180008371A /* Base */ = {isa = PBXFileReference; lastKnownFileType = file.storyboard; name = Base; path = Base.lproj/LaunchScreen.storyboard; sourceTree = "<group>"; };
		3ABFF96A238F85180008371A /* Info.plist */ = {isa = PBXFileReference; lastKnownFileType = text.plist.xml; path = Info.plist; sourceTree = "<group>"; };
		3ABFF971238F88060008371A /* WelcomeVIewController.swift */ = {isa = PBXFileReference; lastKnownFileType = sourcecode.swift; path = WelcomeVIewController.swift; sourceTree = "<group>"; };
		3ACCA6062391FE8B0002E258 /* SettingTableViewController.swift */ = {isa = PBXFileReference; lastKnownFileType = sourcecode.swift; path = SettingTableViewController.swift; sourceTree = "<group>"; };
		3AD335AB2393768B008B20B4 /* ProfileTableViewController.swift */ = {isa = PBXFileReference; lastKnownFileType = sourcecode.swift; path = ProfileTableViewController.swift; sourceTree = "<group>"; };
		3AFAED10238FB66E004DA00B /* GoogleService-Info.plist */ = {isa = PBXFileReference; fileEncoding = 4; lastKnownFileType = text.plist.xml; path = "GoogleService-Info.plist"; sourceTree = "<group>"; };
		3AFAED13238FB7EE004DA00B /* FUser.swift */ = {isa = PBXFileReference; lastKnownFileType = sourcecode.swift; path = FUser.swift; sourceTree = "<group>"; };
		3AFAED16238FB832004DA00B /* constracts.swift */ = {isa = PBXFileReference; lastKnownFileType = sourcecode.swift; path = constracts.swift; sourceTree = "<group>"; };
		3AFAED18238FB88F004DA00B /* heplerFunctions.swift */ = {isa = PBXFileReference; lastKnownFileType = sourcecode.swift; path = heplerFunctions.swift; sourceTree = "<group>"; };
		3AFAED1A238FB8D2004DA00B /* References.swift */ = {isa = PBXFileReference; lastKnownFileType = sourcecode.swift; path = References.swift; sourceTree = "<group>"; };
		905FFD9BF1123E029A7C58E3 /* Pods-Machong-App1.release.xcconfig */ = {isa = PBXFileReference; includeInIndex = 1; lastKnownFileType = text.xcconfig; name = "Pods-Machong-App1.release.xcconfig"; path = "Target Support Files/Pods-Machong-App1/Pods-Machong-App1.release.xcconfig"; sourceTree = "<group>"; };
		99D0F200D3CC27BD236582D5 /* Pods_Machong_App1.framework */ = {isa = PBXFileReference; explicitFileType = wrapper.framework; includeInIndex = 0; path = Pods_Machong_App1.framework; sourceTree = BUILT_PRODUCTS_DIR; };
		B62643280D39D5D3FDDC4BC9 /* Pods-Machong-App1.debug.xcconfig */ = {isa = PBXFileReference; includeInIndex = 1; lastKnownFileType = text.xcconfig; name = "Pods-Machong-App1.debug.xcconfig"; path = "Target Support Files/Pods-Machong-App1/Pods-Machong-App1.debug.xcconfig"; sourceTree = "<group>"; };
/* End PBXFileReference section */

/* Begin PBXFrameworksBuildPhase section */
		3ABFF956238F85160008371A /* Frameworks */ = {
			isa = PBXFrameworksBuildPhase;
			buildActionMask = 2147483647;
			files = (
				B0D22E04C9988CC79823F0C0 /* Pods_Machong_App1.framework in Frameworks */,
			);
			runOnlyForDeploymentPostprocessing = 0;
		};
/* End PBXFrameworksBuildPhase section */

/* Begin PBXGroup section */
		217218B6EDD099DB8673FFC9 /* Pods */ = {
			isa = PBXGroup;
			children = (
				B62643280D39D5D3FDDC4BC9 /* Pods-Machong-App1.debug.xcconfig */,
				905FFD9BF1123E029A7C58E3 /* Pods-Machong-App1.release.xcconfig */,
			);
			path = Pods;
			sourceTree = "<group>";
		};
		3A12839A2392282A00A29D9E /* View */ = {
			isa = PBXGroup;
			children = (
				3A203B1423922FAC00347087 /* UsersTableViewCell.swift */,
				3A12839B2392285100A29D9E /* RecentChatsTableViewCell.swift */,
			);
			path = View;
			sourceTree = "<group>";
		};
		3ABFF950238F85160008371A = {
			isa = PBXGroup;
			children = (
				3ABFF95B238F85160008371A /* Machong-App1 */,
				3ABFF95A238F85160008371A /* Products */,
				217218B6EDD099DB8673FFC9 /* Pods */,
				D8DB9B68342ADD358E30DE43 /* Frameworks */,
			);
			sourceTree = "<group>";
		};
		3ABFF95A238F85160008371A /* Products */ = {
			isa = PBXGroup;
			children = (
				3ABFF959238F85160008371A /* Machong-App1.app */,
			);
			name = Products;
			sourceTree = "<group>";
		};
		3ABFF95B238F85160008371A /* Machong-App1 */ = {
			isa = PBXGroup;
			children = (
				3ABFF95C238F85160008371A /* AppDelegate.swift */,
				3ABFF95E238F85160008371A /* SceneDelegate.swift */,
				3ABFF960238F85160008371A /* ViewController.swift */,
				3ABFF962238F85160008371A /* Main.storyboard */,
				3AFAED12238FB7D5004DA00B /* class */,
				3A12839A2392282A00A29D9E /* View */,
				3ABFF970238F87250008371A /* controller */,
				3AFAED15238FB80C004DA00B /* helper */,
				3ABFF965238F85180008371A /* Assets.xcassets */,
				3ABFF967238F85180008371A /* LaunchScreen.storyboard */,
				3ABFF96A238F85180008371A /* Info.plist */,
				3AFAED10238FB66E004DA00B /* GoogleService-Info.plist */,
			);
			path = "Machong-App1";
			sourceTree = "<group>";
		};
		3ABFF970238F87250008371A /* controller */ = {
			isa = PBXGroup;
			children = (
				3ABFF971238F88060008371A /* WelcomeVIewController.swift */,
				3AA1B995238F904400A60FA6 /* FinishRegistrationViewController.swift */,
				3ACCA6062391FE8B0002E258 /* SettingTableViewController.swift */,
				3A203B1223922D6F00347087 /* UsersTableViewController.swift */,
				3A12839D23922B7100A29D9E /* ChatsViewController.swift */,
				3AD335AB2393768B008B20B4 /* ProfileTableViewController.swift */,
				3A7A2F9E239A75D900EB3BF3 /* MessageViewController.swift */,
			);
			path = controller;
			sourceTree = "<group>";
		};
		3AFAED12238FB7D5004DA00B /* class */ = {
			isa = PBXGroup;
			children = (
				3AFAED13238FB7EE004DA00B /* FUser.swift */,
				3A3DB0FF23939C940060EBD0 /* Recent.swift */,
				3A7A2FA0239A76C700EB3BF3 /* Message.swift */,
				3A0B74DC239B373D00E7DFD8 /* outGoingMessage.swift */,
				3A599BE5239B6722000E3A6D /* inComingMessage.swift */,
				3ABBC605239DFF6B004040E6 /* Camera.swift */,
			);
			path = class;
			sourceTree = "<group>";
		};
		3AFAED15238FB80C004DA00B /* helper */ = {
			isa = PBXGroup;
			children = (
				3AFAED16238FB832004DA00B /* constracts.swift */,
				3AFAED18238FB88F004DA00B /* heplerFunctions.swift */,
				3AFAED1A238FB8D2004DA00B /* References.swift */,
				3A5A3FCB239E0ABB006A55E5 /* downloader.swift */,
			);
			path = helper;
			sourceTree = "<group>";
		};
		D8DB9B68342ADD358E30DE43 /* Frameworks */ = {
			isa = PBXGroup;
			children = (
				99D0F200D3CC27BD236582D5 /* Pods_Machong_App1.framework */,
			);
			name = Frameworks;
			sourceTree = "<group>";
		};
/* End PBXGroup section */

/* Begin PBXNativeTarget section */
		3ABFF958238F85160008371A /* Machong-App1 */ = {
			isa = PBXNativeTarget;
			buildConfigurationList = 3ABFF96D238F85180008371A /* Build configuration list for PBXNativeTarget "Machong-App1" */;
			buildPhases = (
				F41CB01D470AB7EF5FBAE589 /* [CP] Check Pods Manifest.lock */,
				3ABFF955238F85160008371A /* Sources */,
				3ABFF956238F85160008371A /* Frameworks */,
				3ABFF957238F85160008371A /* Resources */,
				C19923EB1D00A08CE12E4031 /* [CP] Embed Pods Frameworks */,
			);
			buildRules = (
			);
			dependencies = (
			);
			name = "Machong-App1";
			productName = "Machong-App1";
			productReference = 3ABFF959238F85160008371A /* Machong-App1.app */;
			productType = "com.apple.product-type.application";
		};
/* End PBXNativeTarget section */

/* Begin PBXProject section */
		3ABFF951238F85160008371A /* Project object */ = {
			isa = PBXProject;
			attributes = {
				LastSwiftUpdateCheck = 1110;
				LastUpgradeCheck = 1110;
				ORGANIZATIONNAME = "Yuuki sakai";
				TargetAttributes = {
					3ABFF958238F85160008371A = {
						CreatedOnToolsVersion = 11.1;
					};
				};
			};
			buildConfigurationList = 3ABFF954238F85160008371A /* Build configuration list for PBXProject "Machong-App1" */;
			compatibilityVersion = "Xcode 9.3";
			developmentRegion = en;
			hasScannedForEncodings = 0;
			knownRegions = (
				en,
				Base,
			);
			mainGroup = 3ABFF950238F85160008371A;
			productRefGroup = 3ABFF95A238F85160008371A /* Products */;
			projectDirPath = "";
			projectRoot = "";
			targets = (
				3ABFF958238F85160008371A /* Machong-App1 */,
			);
		};
/* End PBXProject section */

/* Begin PBXResourcesBuildPhase section */
		3ABFF957238F85160008371A /* Resources */ = {
			isa = PBXResourcesBuildPhase;
			buildActionMask = 2147483647;
			files = (
				3ABFF969238F85180008371A /* LaunchScreen.storyboard in Resources */,
				3ABFF966238F85180008371A /* Assets.xcassets in Resources */,
				3AFAED11238FB66E004DA00B /* GoogleService-Info.plist in Resources */,
				3ABFF964238F85160008371A /* Main.storyboard in Resources */,
			);
			runOnlyForDeploymentPostprocessing = 0;
		};
/* End PBXResourcesBuildPhase section */

/* Begin PBXShellScriptBuildPhase section */
		C19923EB1D00A08CE12E4031 /* [CP] Embed Pods Frameworks */ = {
			isa = PBXShellScriptBuildPhase;
			buildActionMask = 2147483647;
			files = (
			);
			inputFileListPaths = (
				"${PODS_ROOT}/Target Support Files/Pods-Machong-App1/Pods-Machong-App1-frameworks-${CONFIGURATION}-input-files.xcfilelist",
			);
			name = "[CP] Embed Pods Frameworks";
			outputFileListPaths = (
				"${PODS_ROOT}/Target Support Files/Pods-Machong-App1/Pods-Machong-App1-frameworks-${CONFIGURATION}-output-files.xcfilelist",
			);
			runOnlyForDeploymentPostprocessing = 0;
			shellPath = /bin/sh;
			shellScript = "\"${PODS_ROOT}/Target Support Files/Pods-Machong-App1/Pods-Machong-App1-frameworks.sh\"\n";
			showEnvVarsInLog = 0;
		};
		F41CB01D470AB7EF5FBAE589 /* [CP] Check Pods Manifest.lock */ = {
			isa = PBXShellScriptBuildPhase;
			buildActionMask = 2147483647;
			files = (
			);
			inputFileListPaths = (
			);
			inputPaths = (
				"${PODS_PODFILE_DIR_PATH}/Podfile.lock",
				"${PODS_ROOT}/Manifest.lock",
			);
			name = "[CP] Check Pods Manifest.lock";
			outputFileListPaths = (
			);
			outputPaths = (
				"$(DERIVED_FILE_DIR)/Pods-Machong-App1-checkManifestLockResult.txt",
			);
			runOnlyForDeploymentPostprocessing = 0;
			shellPath = /bin/sh;
			shellScript = "diff \"${PODS_PODFILE_DIR_PATH}/Podfile.lock\" \"${PODS_ROOT}/Manifest.lock\" > /dev/null\nif [ $? != 0 ] ; then\n    # print error to STDERR\n    echo \"error: The sandbox is not in sync with the Podfile.lock. Run 'pod install' or update your CocoaPods installation.\" >&2\n    exit 1\nfi\n# This output is used by Xcode 'outputs' to avoid re-running this script phase.\necho \"SUCCESS\" > \"${SCRIPT_OUTPUT_FILE_0}\"\n";
			showEnvVarsInLog = 0;
		};
/* End PBXShellScriptBuildPhase section */

/* Begin PBXSourcesBuildPhase section */
		3ABFF955238F85160008371A /* Sources */ = {
			isa = PBXSourcesBuildPhase;
			buildActionMask = 2147483647;
			files = (
				3A203B1323922D6F00347087 /* UsersTableViewController.swift in Sources */,
				3A12839C2392285100A29D9E /* RecentChatsTableViewCell.swift in Sources */,
				3AFAED1B238FB8D2004DA00B /* References.swift in Sources */,
				3A7A2FA1239A76C700EB3BF3 /* Message.swift in Sources */,
				3AFAED17238FB832004DA00B /* constracts.swift in Sources */,
				3ABBC606239DFF6B004040E6 /* Camera.swift in Sources */,
				3AFAED19238FB88F004DA00B /* heplerFunctions.swift in Sources */,
				3AA1B996238F904400A60FA6 /* FinishRegistrationViewController.swift in Sources */,
				3AD335AC2393768B008B20B4 /* ProfileTableViewController.swift in Sources */,
				3ACCA6072391FE8B0002E258 /* SettingTableViewController.swift in Sources */,
				3A3DB10023939C940060EBD0 /* Recent.swift in Sources */,
				3AFAED14238FB7EE004DA00B /* FUser.swift in Sources */,
				3ABFF961238F85160008371A /* ViewController.swift in Sources */,
				3A0B74DD239B373D00E7DFD8 /* outGoingMessage.swift in Sources */,
				3ABFF972238F88060008371A /* WelcomeVIewController.swift in Sources */,
				3A203B1523922FAC00347087 /* UsersTableViewCell.swift in Sources */,
				3A5A3FCC239E0ABB006A55E5 /* downloader.swift in Sources */,
				3A7A2F9F239A75D900EB3BF3 /* MessageViewController.swift in Sources */,
				3ABFF95D238F85160008371A /* AppDelegate.swift in Sources */,
				3A599BE6239B6722000E3A6D /* inComingMessage.swift in Sources */,
				3A12839E23922B7100A29D9E /* ChatsViewController.swift in Sources */,
				3ABFF95F238F85160008371A /* SceneDelegate.swift in Sources */,
			);
			runOnlyForDeploymentPostprocessing = 0;
		};
/* End PBXSourcesBuildPhase section */

/* Begin PBXVariantGroup section */
		3ABFF962238F85160008371A /* Main.storyboard */ = {
			isa = PBXVariantGroup;
			children = (
				3ABFF963238F85160008371A /* Base */,
			);
			name = Main.storyboard;
			sourceTree = "<group>";
		};
		3ABFF967238F85180008371A /* LaunchScreen.storyboard */ = {
			isa = PBXVariantGroup;
			children = (
				3ABFF968238F85180008371A /* Base */,
			);
			name = LaunchScreen.storyboard;
			sourceTree = "<group>";
		};
/* End PBXVariantGroup section */

/* Begin XCBuildConfiguration section */
		3ABFF96B238F85180008371A /* Debug */ = {
			isa = XCBuildConfiguration;
			buildSettings = {
				ALWAYS_SEARCH_USER_PATHS = NO;
				CLANG_ANALYZER_NONNULL = YES;
				CLANG_ANALYZER_NUMBER_OBJECT_CONVERSION = YES_AGGRESSIVE;
				CLANG_CXX_LANGUAGE_STANDARD = "gnu++14";
				CLANG_CXX_LIBRARY = "libc++";
				CLANG_ENABLE_MODULES = YES;
				CLANG_ENABLE_OBJC_ARC = YES;
				CLANG_ENABLE_OBJC_WEAK = YES;
				CLANG_WARN_BLOCK_CAPTURE_AUTORELEASING = YES;
				CLANG_WARN_BOOL_CONVERSION = YES;
				CLANG_WARN_COMMA = YES;
				CLANG_WARN_CONSTANT_CONVERSION = YES;
				CLANG_WARN_DEPRECATED_OBJC_IMPLEMENTATIONS = YES;
				CLANG_WARN_DIRECT_OBJC_ISA_USAGE = YES_ERROR;
				CLANG_WARN_DOCUMENTATION_COMMENTS = YES;
				CLANG_WARN_EMPTY_BODY = YES;
				CLANG_WARN_ENUM_CONVERSION = YES;
				CLANG_WARN_INFINITE_RECURSION = YES;
				CLANG_WARN_INT_CONVERSION = YES;
				CLANG_WARN_NON_LITERAL_NULL_CONVERSION = YES;
				CLANG_WARN_OBJC_IMPLICIT_RETAIN_SELF = YES;
				CLANG_WARN_OBJC_LITERAL_CONVERSION = YES;
				CLANG_WARN_OBJC_ROOT_CLASS = YES_ERROR;
				CLANG_WARN_RANGE_LOOP_ANALYSIS = YES;
				CLANG_WARN_STRICT_PROTOTYPES = YES;
				CLANG_WARN_SUSPICIOUS_MOVE = YES;
				CLANG_WARN_UNGUARDED_AVAILABILITY = YES_AGGRESSIVE;
				CLANG_WARN_UNREACHABLE_CODE = YES;
				CLANG_WARN__DUPLICATE_METHOD_MATCH = YES;
				COPY_PHASE_STRIP = NO;
				DEBUG_INFORMATION_FORMAT = dwarf;
				ENABLE_STRICT_OBJC_MSGSEND = YES;
				ENABLE_TESTABILITY = YES;
				GCC_C_LANGUAGE_STANDARD = gnu11;
				GCC_DYNAMIC_NO_PIC = NO;
				GCC_NO_COMMON_BLOCKS = YES;
				GCC_OPTIMIZATION_LEVEL = 0;
				GCC_PREPROCESSOR_DEFINITIONS = (
					"DEBUG=1",
					"$(inherited)",
				);
				GCC_WARN_64_TO_32_BIT_CONVERSION = YES;
				GCC_WARN_ABOUT_RETURN_TYPE = YES_ERROR;
				GCC_WARN_UNDECLARED_SELECTOR = YES;
				GCC_WARN_UNINITIALIZED_AUTOS = YES_AGGRESSIVE;
				GCC_WARN_UNUSED_FUNCTION = YES;
				GCC_WARN_UNUSED_VARIABLE = YES;
				IPHONEOS_DEPLOYMENT_TARGET = 13.1;
				MTL_ENABLE_DEBUG_INFO = INCLUDE_SOURCE;
				MTL_FAST_MATH = YES;
				ONLY_ACTIVE_ARCH = YES;
				SDKROOT = iphoneos;
				SWIFT_ACTIVE_COMPILATION_CONDITIONS = DEBUG;
				SWIFT_OPTIMIZATION_LEVEL = "-Onone";
			};
			name = Debug;
		};
		3ABFF96C238F85180008371A /* Release */ = {
			isa = XCBuildConfiguration;
			buildSettings = {
				ALWAYS_SEARCH_USER_PATHS = NO;
				CLANG_ANALYZER_NONNULL = YES;
				CLANG_ANALYZER_NUMBER_OBJECT_CONVERSION = YES_AGGRESSIVE;
				CLANG_CXX_LANGUAGE_STANDARD = "gnu++14";
				CLANG_CXX_LIBRARY = "libc++";
				CLANG_ENABLE_MODULES = YES;
				CLANG_ENABLE_OBJC_ARC = YES;
				CLANG_ENABLE_OBJC_WEAK = YES;
				CLANG_WARN_BLOCK_CAPTURE_AUTORELEASING = YES;
				CLANG_WARN_BOOL_CONVERSION = YES;
				CLANG_WARN_COMMA = YES;
				CLANG_WARN_CONSTANT_CONVERSION = YES;
				CLANG_WARN_DEPRECATED_OBJC_IMPLEMENTATIONS = YES;
				CLANG_WARN_DIRECT_OBJC_ISA_USAGE = YES_ERROR;
				CLANG_WARN_DOCUMENTATION_COMMENTS = YES;
				CLANG_WARN_EMPTY_BODY = YES;
				CLANG_WARN_ENUM_CONVERSION = YES;
				CLANG_WARN_INFINITE_RECURSION = YES;
				CLANG_WARN_INT_CONVERSION = YES;
				CLANG_WARN_NON_LITERAL_NULL_CONVERSION = YES;
				CLANG_WARN_OBJC_IMPLICIT_RETAIN_SELF = YES;
				CLANG_WARN_OBJC_LITERAL_CONVERSION = YES;
				CLANG_WARN_OBJC_ROOT_CLASS = YES_ERROR;
				CLANG_WARN_RANGE_LOOP_ANALYSIS = YES;
				CLANG_WARN_STRICT_PROTOTYPES = YES;
				CLANG_WARN_SUSPICIOUS_MOVE = YES;
				CLANG_WARN_UNGUARDED_AVAILABILITY = YES_AGGRESSIVE;
				CLANG_WARN_UNREACHABLE_CODE = YES;
				CLANG_WARN__DUPLICATE_METHOD_MATCH = YES;
				COPY_PHASE_STRIP = NO;
				DEBUG_INFORMATION_FORMAT = "dwarf-with-dsym";
				ENABLE_NS_ASSERTIONS = NO;
				ENABLE_STRICT_OBJC_MSGSEND = YES;
				GCC_C_LANGUAGE_STANDARD = gnu11;
				GCC_NO_COMMON_BLOCKS = YES;
				GCC_WARN_64_TO_32_BIT_CONVERSION = YES;
				GCC_WARN_ABOUT_RETURN_TYPE = YES_ERROR;
				GCC_WARN_UNDECLARED_SELECTOR = YES;
				GCC_WARN_UNINITIALIZED_AUTOS = YES_AGGRESSIVE;
				GCC_WARN_UNUSED_FUNCTION = YES;
				GCC_WARN_UNUSED_VARIABLE = YES;
				IPHONEOS_DEPLOYMENT_TARGET = 13.1;
				MTL_ENABLE_DEBUG_INFO = NO;
				MTL_FAST_MATH = YES;
				SDKROOT = iphoneos;
				SWIFT_COMPILATION_MODE = wholemodule;
				SWIFT_OPTIMIZATION_LEVEL = "-O";
				VALIDATE_PRODUCT = YES;
			};
			name = Release;
		};
		3ABFF96E238F85180008371A /* Debug */ = {
			isa = XCBuildConfiguration;
			baseConfigurationReference = B62643280D39D5D3FDDC4BC9 /* Pods-Machong-App1.debug.xcconfig */;
			buildSettings = {
				CODE_SIGN_STYLE = Automatic;
				DEVELOPMENT_TEAM = 4KJFNVZ8R6;
				INFOPLIST_FILE = "Machong-App1/Info.plist";
				LD_RUNPATH_SEARCH_PATHS = (
					"$(inherited)",
					"@executable_path/Frameworks",
				);
				PRODUCT_BUNDLE_IDENTIFIER = "mineo.jp.mac.pop.Machong-App1";
				PRODUCT_NAME = "$(TARGET_NAME)";
				SWIFT_VERSION = 5.0;
				TARGETED_DEVICE_FAMILY = "1,2";
			};
			name = Debug;
		};
		3ABFF96F238F85180008371A /* Release */ = {
			isa = XCBuildConfiguration;
			baseConfigurationReference = 905FFD9BF1123E029A7C58E3 /* Pods-Machong-App1.release.xcconfig */;
			buildSettings = {
				CODE_SIGN_STYLE = Automatic;
				DEVELOPMENT_TEAM = 4KJFNVZ8R6;
				INFOPLIST_FILE = "Machong-App1/Info.plist";
				LD_RUNPATH_SEARCH_PATHS = (
					"$(inherited)",
					"@executable_path/Frameworks",
				);
				PRODUCT_BUNDLE_IDENTIFIER = "mineo.jp.mac.pop.Machong-App1";
				PRODUCT_NAME = "$(TARGET_NAME)";
				SWIFT_VERSION = 5.0;
				TARGETED_DEVICE_FAMILY = "1,2";
			};
			name = Release;
		};
/* End XCBuildConfiguration section */

/* Begin XCConfigurationList section */
		3ABFF954238F85160008371A /* Build configuration list for PBXProject "Machong-App1" */ = {
			isa = XCConfigurationList;
			buildConfigurations = (
				3ABFF96B238F85180008371A /* Debug */,
				3ABFF96C238F85180008371A /* Release */,
			);
			defaultConfigurationIsVisible = 0;
			defaultConfigurationName = Release;
		};
		3ABFF96D238F85180008371A /* Build configuration list for PBXNativeTarget "Machong-App1" */ = {
			isa = XCConfigurationList;
			buildConfigurations = (
				3ABFF96E238F85180008371A /* Debug */,
				3ABFF96F238F85180008371A /* Release */,
			);
			defaultConfigurationIsVisible = 0;
			defaultConfigurationName = Release;
		};
/* End XCConfigurationList section */
	};
	rootObject = 3ABFF951238F85160008371A /* Project object */;
}
